
Microsoft Visual Studio Solution File, Format Version 11.00
# Visual Studio 2010
Project("{FAE04EC0-301F-11D3-BF4B-00C04F79EFBC}") = "Swapper", "Swapper.csproj", "{33175414-76FA-48CE-882D-9E0E72F3DAFC}"
EndProject
Global
	GlobalSection(SolutionConfigurationPlatforms) = preSolution
		Debug|Any CPU = Debug|Any CPU
		Release|Any CPU = Release|Any CPU
	EndGlobalSection
	GlobalSection(ProjectConfigurationPlatforms) = postSolution
		{33175414-76FA-48CE-882D-9E0E72F3DAFC}.Debug|Any CPU.ActiveCfg = Debug|Any CPU
		{33175414-76FA-48CE-882D-9E0E72F3DAFC}.Debug|Any CPU.Build.0 = Debug|Any CPU
		{33175414-76FA-48CE-882D-9E0E72F3DAFC}.Release|Any CPU.ActiveCfg = Release|Any CPU
		{33175414-76FA-48CE-882D-9E0E72F3DAFC}.Release|Any CPU.Build.0 = Release|Any CPU
	EndGlobalSection
	GlobalSection(SolutionProperties) = preSolution
		HideSolutionNode = FALSE
	EndGlobalSection
EndGlobal
